// !$*UTF8*$!
{
	archiveVersion = 1;
	classes = {
	};
	objectVersion = 77;
	objects = {

/* Begin PBXBuildFile section */
		CA9AADFC2CC55DB90000520D /* UserProfileView.swift in Sources */ = {isa = PBXBuildFile; fileRef = CA9AADFB2CC55DB30000520D /* UserProfileView.swift */; };
		CA9AADFE2CC55EC50000520D /* UserProfile.swift in Sources */ = {isa = PBXBuildFile; fileRef = CA9AADFD2CC55EC00000520D /* UserProfile.swift */; };
/* End PBXBuildFile section */

/* Begin PBXContainerItemProxy section */
		CA9AADDF2CC55D9E0000520D /* PBXContainerItemProxy */ = {
			isa = PBXContainerItemProxy;
			containerPortal = CA9AADC62CC55D9C0000520D /* Project object */;
			proxyType = 1;
			remoteGlobalIDString = CA9AADCD2CC55D9C0000520D;
			remoteInfo = UserProfileView;
		};
		CA9AADE92CC55D9E0000520D /* PBXContainerItemProxy */ = {
			isa = PBXContainerItemProxy;
			containerPortal = CA9AADC62CC55D9C0000520D /* Project object */;
			proxyType = 1;
			remoteGlobalIDString = CA9AADCD2CC55D9C0000520D;
			remoteInfo = UserProfileView;
		};
/* End PBXContainerItemProxy section */

/* Begin PBXFileReference section */
		CA9AADCE2CC55D9C0000520D /* UserProfileView.app */ = {isa = PBXFileReference; explicitFileType = wrapper.application; includeInIndex = 0; path = UserProfileView.app; sourceTree = BUILT_PRODUCTS_DIR; };
		CA9AADDE2CC55D9E0000520D /* UserProfileViewTests.xctest */ = {isa = PBXFileReference; explicitFileType = wrapper.cfbundle; includeInIndex = 0; path = UserProfileViewTests.xctest; sourceTree = BUILT_PRODUCTS_DIR; };
		CA9AADE82CC55D9E0000520D /* UserProfileViewUITests.xctest */ = {isa = PBXFileReference; explicitFileType = wrapper.cfbundle; includeInIndex = 0; path = UserProfileViewUITests.xctest; sourceTree = BUILT_PRODUCTS_DIR; };
		CA9AADFB2CC55DB30000520D /* UserProfileView.swift */ = {isa = PBXFileReference; lastKnownFileType = sourcecode.swift; path = UserProfileView.swift; sourceTree = "<group>"; };
		CA9AADFD2CC55EC00000520D /* UserProfile.swift */ = {isa = PBXFileReference; lastKnownFileType = sourcecode.swift; path = UserProfile.swift; sourceTree = "<group>"; };
/* End PBXFileReference section */

/* Begin PBXFileSystemSynchronizedRootGroup section */
		CA9AADD02CC55D9C0000520D /* UserProfileView */ = {
			isa = PBXFileSystemSynchronizedRootGroup;
			path = UserProfileView;
			sourceTree = "<group>";
		};
		CA9AADE12CC55D9E0000520D /* UserProfileViewTests */ = {
			isa = PBXFileSystemSynchronizedRootGroup;
			path = UserProfileViewTests;
			sourceTree = "<group>";
		};
		CA9AADEB2CC55D9E0000520D /* UserProfileViewUITests */ = {
			isa = PBXFileSystemSynchronizedRootGroup;
			path = UserProfileViewUITests;
			sourceTree = "<group>";
		};
/* End PBXFileSystemSynchronizedRootGroup section */

/* Begin PBXFrameworksBuildPhase section */
		CA9AADCB2CC55D9C0000520D /* Frameworks */ = {
			isa = PBXFrameworksBuildPhase;
			buildActionMask = 2147483647;
			files = (
			);
			runOnlyForDeploymentPostprocessing = 0;
		};
		CA9AADDB2CC55D9E0000520D /* Frameworks */ = {
			isa = PBXFrameworksBuildPhase;
			buildActionMask = 2147483647;
			files = (
			);
			runOnlyForDeploymentPostprocessing = 0;
		};
		CA9AADE52CC55D9E0000520D /* Frameworks */ = {
			isa = PBXFrameworksBuildPhase;
			buildActionMask = 2147483647;
			files = (
			);
			runOnlyForDeploymentPostprocessing = 0;
		};
/* End PBXFrameworksBuildPhase section */

/* Begin PBXGroup section */
		CA9AADC52CC55D9C0000520D = {
			isa = PBXGroup;
			children = (
				CA9AADFD2CC55EC00000520D /* UserProfile.swift */,
				CA9AADFB2CC55DB30000520D /* UserProfileView.swift */,
				CA9AADD02CC55D9C0000520D /* UserProfileView */,
				CA9AADE12CC55D9E0000520D /* UserProfileViewTests */,
				CA9AADEB2CC55D9E0000520D /* UserProfileViewUITests */,
				CA9AADCF2CC55D9C0000520D /* Products */,
			);
			sourceTree = "<group>";
		};
		CA9AADCF2CC55D9C0000520D /* Products */ = {
			isa = PBXGroup;
			children = (
				CA9AADCE2CC55D9C0000520D /* UserProfileView.app */,
				CA9AADDE2CC55D9E0000520D /* UserProfileViewTests.xctest */,
				CA9AADE82CC55D9E0000520D /* UserProfileViewUITests.xctest */,
			);
			name = Products;
			sourceTree = "<group>";
		};
/* End PBXGroup section */

/* Begin PBXNativeTarget section */
		CA9AADCD2CC55D9C0000520D /* UserProfileView */ = {
			isa = PBXNativeTarget;
			buildConfigurationList = CA9AADF22CC55D9E0000520D /* Build configuration list for PBXNativeTarget "UserProfileView" */;
			buildPhases = (
				CA9AADCA2CC55D9C0000520D /* Sources */,
				CA9AADCB2CC55D9C0000520D /* Frameworks */,
				CA9AADCC2CC55D9C0000520D /* Resources */,
			);
			buildRules = (
			);
			dependencies = (
			);
			fileSystemSynchronizedGroups = (
				CA9AADD02CC55D9C0000520D /* UserProfileView */,
			);
			name = UserProfileView;
			packageProductDependencies = (
			);
			productName = UserProfileView;
			productReference = CA9AADCE2CC55D9C0000520D /* UserProfileView.app */;
			productType = "com.apple.product-type.application";
		};
		CA9AADDD2CC55D9E0000520D /* UserProfileViewTests */ = {
			isa = PBXNativeTarget;
			buildConfigurationList = CA9AADF52CC55D9E0000520D /* Build configuration list for PBXNativeTarget "UserProfileViewTests" */;
			buildPhases = (
				CA9AADDA2CC55D9E0000520D /* Sources */,
				CA9AADDB2CC55D9E0000520D /* Frameworks */,
				CA9AADDC2CC55D9E0000520D /* Resources */,
			);
			buildRules = (
			);
			dependencies = (
				CA9AADE02CC55D9E0000520D /* PBXTargetDependency */,
			);
			fileSystemSynchronizedGroups = (
				CA9AADE12CC55D9E0000520D /* UserProfileViewTests */,
			);
			name = UserProfileViewTests;
			packageProductDependencies = (
			);
			productName = UserProfileViewTests;
			productReference = CA9AADDE2CC55D9E0000520D /* UserProfileViewTests.xctest */;
			productType = "com.apple.product-type.bundle.unit-test";
		};
		CA9AADE72CC55D9E0000520D /* UserProfileViewUITests */ = {
			isa = PBXNativeTarget;
			buildConfigurationList = CA9AADF82CC55D9E0000520D /* Build configuration list for PBXNativeTarget "UserProfileViewUITests" */;
			buildPhases = (
				CA9AADE42CC55D9E0000520D /* Sources */,
				CA9AADE52CC55D9E0000520D /* Frameworks */,
				CA9AADE62CC55D9E0000520D /* Resources */,
			);
			buildRules = (
			);
			dependencies = (
				CA9AADEA2CC55D9E0000520D /* PBXTargetDependency */,
			);
			fileSystemSynchronizedGroups = (
				CA9AADEB2CC55D9E0000520D /* UserProfileViewUITests */,
			);
			name = UserProfileViewUITests;
			packageProductDependencies = (
			);
			productName = UserProfileViewUITests;
			productReference = CA9AADE82CC55D9E0000520D /* UserProfileViewUITests.xctest */;
			productType = "com.apple.product-type.bundle.ui-testing";
		};
/* End PBXNativeTarget section */

/* Begin PBXProject section */
		CA9AADC62CC55D9C0000520D /* Project object */ = {
			isa = PBXProject;
			attributes = {
				BuildIndependentTargetsInParallel = 1;
				LastSwiftUpdateCheck = 1600;
				LastUpgradeCheck = 1600;
				TargetAttributes = {
					CA9AADCD2CC55D9C0000520D = {
						CreatedOnToolsVersion = 16.0;
					};
					CA9AADDD2CC55D9E0000520D = {
						CreatedOnToolsVersion = 16.0;
						TestTargetID = CA9AADCD2CC55D9C0000520D;
					};
					CA9AADE72CC55D9E0000520D = {
						CreatedOnToolsVersion = 16.0;
						TestTargetID = CA9AADCD2CC55D9C0000520D;
					};
				};
			};
			buildConfigurationList = CA9AADC92CC55D9C0000520D /* Build configuration list for PBXProject "UserProfileView" */;
			developmentRegion = en;
			hasScannedForEncodings = 0;
			knownRegions = (
				en,
				Base,
			);
			mainGroup = CA9AADC52CC55D9C0000520D;
			minimizedProjectReferenceProxies = 1;
			preferredProjectObjectVersion = 77;
			productRefGroup = CA9AADCF2CC55D9C0000520D /* Products */;
			projectDirPath = "";
			projectRoot = "";
			targets = (
				CA9AADCD2CC55D9C0000520D /* UserProfileView */,
				CA9AADDD2CC55D9E0000520D /* UserProfileViewTests */,
				CA9AADE72CC55D9E0000520D /* UserProfileViewUITests */,
			);
		};
/* End PBXProject section */

/* Begin PBXResourcesBuildPhase section */
		CA9AADCC2CC55D9C0000520D /* Resources */ = {
			isa = PBXResourcesBuildPhase;
			buildActionMask = 2147483647;
			files = (
			);
			runOnlyForDeploymentPostprocessing = 0;
		};
		CA9AADDC2CC55D9E0000520D /* Resources */ = {
			isa = PBXResourcesBuildPhase;
			buildActionMask = 2147483647;
			files = (
			);
			runOnlyForDeploymentPostprocessing = 0;
		};
		CA9AADE62CC55D9E0000520D /* Resources */ = {
			isa = PBXResourcesBuildPhase;
			buildActionMask = 2147483647;
			files = (
			);
			runOnlyForDeploymentPostprocessing = 0;
		};
/* End PBXResourcesBuildPhase section */

/* Begin PBXSourcesBuildPhase section */
		CA9AADCA2CC55D9C0000520D /* Sources */ = {
			isa = PBXSourcesBuildPhase;
			buildActionMask = 2147483647;
			files = (
				CA9AADFE2CC55EC50000520D /* UserProfile.swift in Sources */,
				CA9AADFC2CC55DB90000520D /* UserProfileView.swift in Sources */,
			);
			runOnlyForDeploymentPostprocessing = 0;
		};
		CA9AADDA2CC55D9E0000520D /* Sources */ = {
			isa = PBXSourcesBuildPhase;
			buildActionMask = 2147483647;
			files = (
			);
			runOnlyForDeploymentPostprocessing = 0;
		};
		CA9AADE42CC55D9E0000520D /* Sources */ = {
			isa = PBXSourcesBuildPhase;
			buildActionMask = 2147483647;
			files = (
			);
			runOnlyForDeploymentPostprocessing = 0;
		};
/* End PBXSourcesBuildPhase section */

/* Begin PBXTargetDependency section */
		CA9AADE02CC55D9E0000520D /* PBXTargetDependency */ = {
			isa = PBXTargetDependency;
			target = CA9AADCD2CC55D9C0000520D /* UserProfileView */;
			targetProxy = CA9AADDF2CC55D9E0000520D /* PBXContainerItemProxy */;
		};
		CA9AADEA2CC55D9E0000520D /* PBXTargetDependency */ = {
			isa = PBXTargetDependency;
			target = CA9AADCD2CC55D9C0000520D /* UserProfileView */;
			targetProxy = CA9AADE92CC55D9E0000520D /* PBXContainerItemProxy */;
		};
/* End PBXTargetDependency section */

/* Begin XCBuildConfiguration section */
		CA9AADF02CC55D9E0000520D /* Debug */ = {
			isa = XCBuildConfiguration;
			buildSettings = {
				ALWAYS_SEARCH_USER_PATHS = NO;
				ASSETCATALOG_COMPILER_GENERATE_SWIFT_ASSET_SYMBOL_EXTENSIONS = YES;
				CLANG_ANALYZER_NONNULL = YES;
				CLANG_ANALYZER_NUMBER_OBJECT_CONVERSION = YES_AGGRESSIVE;
				CLANG_CXX_LANGUAGE_STANDARD = "gnu++20";
				CLANG_ENABLE_MODULES = YES;
				CLANG_ENABLE_OBJC_ARC = YES;
				CLANG_ENABLE_OBJC_WEAK = YES;
				CLANG_WARN_BLOCK_CAPTURE_AUTORELEASING = YES;
				CLANG_WARN_BOOL_CONVERSION = YES;
				CLANG_WARN_COMMA = YES;
				CLANG_WARN_CONSTANT_CONVERSION = YES;
				CLANG_WARN_DEPRECATED_OBJC_IMPLEMENTATIONS = YES;
				CLANG_WARN_DIRECT_OBJC_ISA_USAGE = YES_ERROR;
				CLANG_WARN_DOCUMENTATION_COMMENTS = YES;
				CLANG_WARN_EMPTY_BODY = YES;
				CLANG_WARN_ENUM_CONVERSION = YES;
				CLANG_WARN_INFINITE_RECURSION = YES;
				CLANG_WARN_INT_CONVERSION = YES;
				CLANG_WARN_NON_LITERAL_NULL_CONVERSION = YES;
				CLANG_WARN_OBJC_IMPLICIT_RETAIN_SELF = YES;
				CLANG_WARN_OBJC_LITERAL_CONVERSION = YES;
				CLANG_WARN_OBJC_ROOT_CLASS = YES_ERROR;
				CLANG_WARN_QUOTED_INCLUDE_IN_FRAMEWORK_HEADER = YES;
				CLANG_WARN_RANGE_LOOP_ANALYSIS = YES;
				CLANG_WARN_STRICT_PROTOTYPES = YES;
				CLANG_WARN_SUSPICIOUS_MOVE = YES;
				CLANG_WARN_UNGUARDED_AVAILABILITY = YES_AGGRESSIVE;
				CLANG_WARN_UNREACHABLE_CODE = YES;
				CLANG_WARN__DUPLICATE_METHOD_MATCH = YES;
				COPY_PHASE_STRIP = NO;
				DEBUG_INFORMATION_FORMAT = dwarf;
				ENABLE_STRICT_OBJC_MSGSEND = YES;
				ENABLE_TESTABILITY = YES;
				ENABLE_USER_SCRIPT_SANDBOXING = YES;
				GCC_C_LANGUAGE_STANDARD = gnu17;
				GCC_DYNAMIC_NO_PIC = NO;
				GCC_NO_COMMON_BLOCKS = YES;
				GCC_OPTIMIZATION_LEVEL = 0;
				GCC_PREPROCESSOR_DEFINITIONS = (
					"DEBUG=1",
					"$(inherited)",
				);
				GCC_WARN_64_TO_32_BIT_CONVERSION = YES;
				GCC_WARN_ABOUT_RETURN_TYPE = YES_ERROR;
				GCC_WARN_UNDECLARED_SELECTOR = YES;
				GCC_WARN_UNINITIALIZED_AUTOS = YES_AGGRESSIVE;
				GCC_WARN_UNUSED_FUNCTION = YES;
				GCC_WARN_UNUSED_VARIABLE = YES;
				IPHONEOS_DEPLOYMENT_TARGET = 18.0;
				LOCALIZATION_PREFERS_STRING_CATALOGS = YES;
				MTL_ENABLE_DEBUG_INFO = INCLUDE_SOURCE;
				MTL_FAST_MATH = YES;
				ONLY_ACTIVE_ARCH = YES;
				SDKROOT = iphoneos;
				SWIFT_ACTIVE_COMPILATION_CONDITIONS = "DEBUG $(inherited)";
				SWIFT_OPTIMIZATION_LEVEL = "-Onone";
			};
			name = Debug;
		};
		CA9AADF12CC55D9E0000520D /* Release */ = {
			isa = XCBuildConfiguration;
			buildSettings = {
				ALWAYS_SEARCH_USER_PATHS = NO;
				ASSETCATALOG_COMPILER_GENERATE_SWIFT_ASSET_SYMBOL_EXTENSIONS = YES;
				CLANG_ANALYZER_NONNULL = YES;
				CLANG_ANALYZER_NUMBER_OBJECT_CONVERSION = YES_AGGRESSIVE;
				CLANG_CXX_LANGUAGE_STANDARD = "gnu++20";
				CLANG_ENABLE_MODULES = YES;
				CLANG_ENABLE_OBJC_ARC = YES;
				CLANG_ENABLE_OBJC_WEAK = YES;
				CLANG_WARN_BLOCK_CAPTURE_AUTORELEASING = YES;
				CLANG_WARN_BOOL_CONVERSION = YES;
				CLANG_WARN_COMMA = YES;
				CLANG_WARN_CONSTANT_CONVERSION = YES;
				CLANG_WARN_DEPRECATED_OBJC_IMPLEMENTATIONS = YES;
				CLANG_WARN_DIRECT_OBJC_ISA_USAGE = YES_ERROR;
				CLANG_WARN_DOCUMENTATION_COMMENTS = YES;
				CLANG_WARN_EMPTY_BODY = YES;
				CLANG_WARN_ENUM_CONVERSION = YES;
				CLANG_WARN_INFINITE_RECURSION = YES;
				CLANG_WARN_INT_CONVERSION = YES;
				CLANG_WARN_NON_LITERAL_NULL_CONVERSION = YES;
				CLANG_WARN_OBJC_IMPLICIT_RETAIN_SELF = YES;
				CLANG_WARN_OBJC_LITERAL_CONVERSION = YES;
				CLANG_WARN_OBJC_ROOT_CLASS = YES_ERROR;
				CLANG_WARN_QUOTED_INCLUDE_IN_FRAMEWORK_HEADER = YES;
				CLANG_WARN_RANGE_LOOP_ANALYSIS = YES;
				CLANG_WARN_STRICT_PROTOTYPES = YES;
				CLANG_WARN_SUSPICIOUS_MOVE = YES;
				CLANG_WARN_UNGUARDED_AVAILABILITY = YES_AGGRESSIVE;
				CLANG_WARN_UNREACHABLE_CODE = YES;
				CLANG_WARN__DUPLICATE_METHOD_MATCH = YES;
				COPY_PHASE_STRIP = NO;
				DEBUG_INFORMATION_FORMAT = "dwarf-with-dsym";
				ENABLE_NS_ASSERTIONS = NO;
				ENABLE_STRICT_OBJC_MSGSEND = YES;
				ENABLE_USER_SCRIPT_SANDBOXING = YES;
				GCC_C_LANGUAGE_STANDARD = gnu17;
				GCC_NO_COMMON_BLOCKS = YES;
				GCC_WARN_64_TO_32_BIT_CONVERSION = YES;
				GCC_WARN_ABOUT_RETURN_TYPE = YES_ERROR;
				GCC_WARN_UNDECLARED_SELECTOR = YES;
				GCC_WARN_UNINITIALIZED_AUTOS = YES_AGGRESSIVE;
				GCC_WARN_UNUSED_FUNCTION = YES;
				GCC_WARN_UNUSED_VARIABLE = YES;
				IPHONEOS_DEPLOYMENT_TARGET = 18.0;
				LOCALIZATION_PREFERS_STRING_CATALOGS = YES;
				MTL_ENABLE_DEBUG_INFO = NO;
				MTL_FAST_MATH = YES;
				SDKROOT = iphoneos;
				SWIFT_COMPILATION_MODE = wholemodule;
				VALIDATE_PRODUCT = YES;
			};
			name = Release;
		};
		CA9AADF32CC55D9E0000520D /* Debug */ = {
			isa = XCBuildConfiguration;
			buildSettings = {
				ASSETCATALOG_COMPILER_APPICON_NAME = AppIcon;
				ASSETCATALOG_COMPILER_GLOBAL_ACCENT_COLOR_NAME = AccentColor;
				CODE_SIGN_STYLE = Automatic;
				CURRENT_PROJECT_VERSION = 1;
				DEVELOPMENT_ASSET_PATHS = "\"UserProfileView/Preview Content\"";
				DEVELOPMENT_TEAM = T4XUQHHVY8;
				ENABLE_PREVIEWS = YES;
				GENERATE_INFOPLIST_FILE = YES;
				INFOPLIST_KEY_UIApplicationSceneManifest_Generation = YES;
				INFOPLIST_KEY_UIApplicationSupportsIndirectInputEvents = YES;
				INFOPLIST_KEY_UILaunchScreen_Generation = YES;
				INFOPLIST_KEY_UISupportedInterfaceOrientations_iPad = "UIInterfaceOrientationPortrait UIInterfaceOrientationPortraitUpsideDown UIInterfaceOrientationLandscapeLeft UIInterfaceOrientationLandscapeRight";
				INFOPLIST_KEY_UISupportedInterfaceOrientations_iPhone = "UIInterfaceOrientationPortrait UIInterfaceOrientationLandscapeLeft UIInterfaceOrientationLandscapeRight";
				LD_RUNPATH_SEARCH_PATHS = (
					"$(inherited)",
					"@executable_path/Frameworks",
				);
				MARKETING_VERSION = 1.0;
				PRODUCT_BUNDLE_IDENTIFIER = "Eric-Rohm.UserProfileView";
				PRODUCT_NAME = "$(TARGET_NAME)";
				SWIFT_EMIT_LOC_STRINGS = YES;
				SWIFT_VERSION = 5.0;
				TARGETED_DEVICE_FAMILY = "1,2";
			};
			name = Debug;
		};
		CA9AADF42CC55D9E0000520D /* Release */ = {
			isa = XCBuildConfiguration;
			buildSettings = {
				ASSETCATALOG_COMPILER_APPICON_NAME = AppIcon;
				ASSETCATALOG_COMPILER_GLOBAL_ACCENT_COLOR_NAME = AccentColor;
				CODE_SIGN_STYLE = Automatic;
				CURRENT_PROJECT_VERSION = 1;
				DEVELOPMENT_ASSET_PATHS = "\"UserProfileView/Preview Content\"";
				DEVELOPMENT_TEAM = T4XUQHHVY8;
				ENABLE_PREVIEWS = YES;
				GENERATE_INFOPLIST_FILE = YES;
				INFOPLIST_KEY_UIApplicationSceneManifest_Generation = YES;
				INFOPLIST_KEY_UIApplicationSupportsIndirectInputEvents = YES;
				INFOPLIST_KEY_UILaunchScreen_Generation = YES;
				INFOPLIST_KEY_UISupportedInterfaceOrientations_iPad = "UIInterfaceOrientationPortrait UIInterfaceOrientationPortraitUpsideDown UIInterfaceOrientationLandscapeLeft UIInterfaceOrientationLandscapeRight";
				INFOPLIST_KEY_UISupportedInterfaceOrientations_iPhone = "UIInterfaceOrientationPortrait UIInterfaceOrientationLandscapeLeft UIInterfaceOrientationLandscapeRight";
				LD_RUNPATH_SEARCH_PATHS = (
					"$(inherited)",
					"@executable_path/Frameworks",
				);
				MARKETING_VERSION = 1.0;
				PRODUCT_BUNDLE_IDENTIFIER = "Eric-Rohm.UserProfileView";
				PRODUCT_NAME = "$(TARGET_NAME)";
				SWIFT_EMIT_LOC_STRINGS = YES;
				SWIFT_VERSION = 5.0;
				TARGETED_DEVICE_FAMILY = "1,2";
			};
			name = Release;
		};
		CA9AADF62CC55D9E0000520D /* Debug */ = {
			isa = XCBuildConfiguration;
			buildSettings = {
				BUNDLE_LOADER = "$(TEST_HOST)";
				CODE_SIGN_STYLE = Automatic;
				CURRENT_PROJECT_VERSION = 1;
				DEVELOPMENT_TEAM = T4XUQHHVY8;
				GENERATE_INFOPLIST_FILE = YES;
				IPHONEOS_DEPLOYMENT_TARGET = 18.0;
				MARKETING_VERSION = 1.0;
				PRODUCT_BUNDLE_IDENTIFIER = "Eric-Rohm.UserProfileViewTests";
				PRODUCT_NAME = "$(TARGET_NAME)";
				SWIFT_EMIT_LOC_STRINGS = NO;
				SWIFT_VERSION = 5.0;
				TARGETED_DEVICE_FAMILY = "1,2";
				TEST_HOST = "$(BUILT_PRODUCTS_DIR)/UserProfileView.app/$(BUNDLE_EXECUTABLE_FOLDER_PATH)/UserProfileView";
			};
			name = Debug;
		};
		CA9AADF72CC55D9E0000520D /* Release */ = {
			isa = XCBuildConfiguration;
			buildSettings = {
				BUNDLE_LOADER = "$(TEST_HOST)";
				CODE_SIGN_STYLE = Automatic;
				CURRENT_PROJECT_VERSION = 1;
				DEVELOPMENT_TEAM = T4XUQHHVY8;
				GENERATE_INFOPLIST_FILE = YES;
				IPHONEOS_DEPLOYMENT_TARGET = 18.0;
				MARKETING_VERSION = 1.0;
				PRODUCT_BUNDLE_IDENTIFIER = "Eric-Rohm.UserProfileViewTests";
				PRODUCT_NAME = "$(TARGET_NAME)";
				SWIFT_EMIT_LOC_STRINGS = NO;
				SWIFT_VERSION = 5.0;
				TARGETED_DEVICE_FAMILY = "1,2";
				TEST_HOST = "$(BUILT_PRODUCTS_DIR)/UserProfileView.app/$(BUNDLE_EXECUTABLE_FOLDER_PATH)/UserProfileView";
			};
			name = Release;
		};
		CA9AADF92CC55D9E0000520D /* Debug */ = {
			isa = XCBuildConfiguration;
			buildSettings = {
				CODE_SIGN_STYLE = Automatic;
				CURRENT_PROJECT_VERSION = 1;
				DEVELOPMENT_TEAM = T4XUQHHVY8;
				GENERATE_INFOPLIST_FILE = YES;
				MARKETING_VERSION = 1.0;
				PRODUCT_BUNDLE_IDENTIFIER = "Eric-Rohm.UserProfileViewUITests";
				PRODUCT_NAME = "$(TARGET_NAME)";
				SWIFT_EMIT_LOC_STRINGS = NO;
				SWIFT_VERSION = 5.0;
				TARGETED_DEVICE_FAMILY = "1,2";
				TEST_TARGET_NAME = UserProfileView;
			};
			name = Debug;
		};
		CA9AADFA2CC55D9E0000520D /* Release */ = {
			isa = XCBuildConfiguration;
			buildSettings = {
				CODE_SIGN_STYLE = Automatic;
				CURRENT_PROJECT_VERSION = 1;
				DEVELOPMENT_TEAM = T4XUQHHVY8;
				GENERATE_INFOPLIST_FILE = YES;
				MARKETING_VERSION = 1.0;
				PRODUCT_BUNDLE_IDENTIFIER = "Eric-Rohm.UserProfileViewUITests";
				PRODUCT_NAME = "$(TARGET_NAME)";
				SWIFT_EMIT_LOC_STRINGS = NO;
				SWIFT_VERSION = 5.0;
				TARGETED_DEVICE_FAMILY = "1,2";
				TEST_TARGET_NAME = UserProfileView;
			};
			name = Release;
		};
/* End XCBuildConfiguration section */

/* Begin XCConfigurationList section */
		CA9AADC92CC55D9C0000520D /* Build configuration list for PBXProject "UserProfileView" */ = {
			isa = XCConfigurationList;
			buildConfigurations = (
				CA9AADF02CC55D9E0000520D /* Debug */,
				CA9AADF12CC55D9E0000520D /* Release */,
			);
			defaultConfigurationIsVisible = 0;
			defaultConfigurationName = Release;
		};
		CA9AADF22CC55D9E0000520D /* Build configuration list for PBXNativeTarget "UserProfileView" */ = {
			isa = XCConfigurationList;
			buildConfigurations = (
				CA9AADF32CC55D9E0000520D /* Debug */,
				CA9AADF42CC55D9E0000520D /* Release */,
			);
			defaultConfigurationIsVisible = 0;
			defaultConfigurationName = Release;
		};
		CA9AADF52CC55D9E0000520D /* Build configuration list for PBXNativeTarget "UserProfileViewTests" */ = {
			isa = XCConfigurationList;
			buildConfigurations = (
				CA9AADF62CC55D9E0000520D /* Debug */,
				CA9AADF72CC55D9E0000520D /* Release */,
			);
			defaultConfigurationIsVisible = 0;
			defaultConfigurationName = Release;
		};
		CA9AADF82CC55D9E0000520D /* Build configuration list for PBXNativeTarget "UserProfileViewUITests" */ = {
			isa = XCConfigurationList;
			buildConfigurations = (
				CA9AADF92CC55D9E0000520D /* Debug */,
				CA9AADFA2CC55D9E0000520D /* Release */,
			);
			defaultConfigurationIsVisible = 0;
			defaultConfigurationName = Release;
		};
/* End XCConfigurationList section */
	};
	rootObject = CA9AADC62CC55D9C0000520D /* Project object */;
}
