{
  "originHash" : "079351f32aed5d8d72f2fff20b76bfe63e7f06d2460894a8930931db1b3d3a7d",
  "pins" : [
    {
      "identity" : "stream-chat-swift",
      "kind" : "remoteSourceControl",
      "location" : "https://github.com/GetStream/stream-chat-swift.git",
      "state" : {
        "revision" : "60579e349d46a2a012a38caccbd1382e8886ff34",
        "version" : "4.65.0"
      }
    },
    {
      "identity" : "stream-chat-swiftui",
      "kind" : "remoteSourceControl",
      "location" : "https://github.com/getstream/stream-chat-swiftui",
      "state" : {
        "revision" : "78bf645f2f546e4d828aaabbfe3ca8cd6e2a643c",
        "version" : "4.65.0"
      }
    }
  ],
  "version" : 3
}
